
Microsoft Visual Studio Solution File, Format Version 12.00
# Visual Studio 15
VisualStudioVersion = 15.0.27004.2002
MinimumVisualStudioVersion = 10.0.40219.1
Project("{FAE04EC0-301F-11D3-BF4B-00C04F79EFBC}") = "SubnettingTool", "Subnetting\SubnettingTool.csproj", "{3CD9431E-E3F1-474D-B159-BC0AF0DDE613}"
EndProject
Global
	GlobalSection(SolutionConfigurationPlatforms) = preSolution
		Debug|Any CPU = Debug|Any CPU
		Release|Any CPU = Release|Any CPU
	EndGlobalSection
	GlobalSection(ProjectConfigurationPlatforms) = postSolution
		{3CD9431E-E3F1-474D-B159-BC0AF0DDE613}.Debug|Any CPU.ActiveCfg = Debug|Any CPU
		{3CD9431E-E3F1-474D-B159-BC0AF0DDE613}.Debug|Any CPU.Build.0 = Debug|Any CPU
		{3CD9431E-E3F1-474D-B159-BC0AF0DDE613}.Release|Any CPU.ActiveCfg = Release|Any CPU
		{3CD9431E-E3F1-474D-B159-BC0AF0DDE613}.Release|Any CPU.Build.0 = Release|Any CPU
	EndGlobalSection
	GlobalSection(SolutionProperties) = preSolution
		HideSolutionNode = FALSE
	EndGlobalSection
	GlobalSection(ExtensibilityGlobals) = postSolution
		SolutionGuid = {6094E79C-FFF0-48A9-AFF3-4ABB194DA4C5}
	EndGlobalSection
EndGlobal
